// !$*UTF8*$!
{
	archiveVersion = 1;
	classes = {
	};
	objectVersion = 46;
	objects = {

/* Begin PBXFileReference section */
		27AF7DAB16FD7518005B67F8 /* aHeader.h */ = {isa = PBXFileReference; lastKnownFileType = sourcecode.c.h; path = aHeader.h; sourceTree = "<group>"; };
		27AF7DBB16FD7596005B67F8 /* SystemInterfaces.h */ = {isa = PBXFileReference; lastKnownFileType = sourcecode.c.h; path = SystemInterfaces.h; sourceTree = "<group>"; };
		27AF7DBC16FD75A8005B67F8 /* ideas.cpp */ = {isa = PBXFileReference; lastKnownFileType = sourcecode.cpp.cpp; path = ideas.cpp; sourceTree = "<group>"; };
/* End PBXFileReference section */

/* Begin PBXGroup section */
		27AF7DA216FD747B005B67F8 = {
			isa = PBXGroup;
			children = (
				27AF7DAC16FD7541005B67F8 /* conceptCode */,
				27AF7DAD16FD754F005B67F8 /* interfaces */,
				27AF7DAB16FD7518005B67F8 /* aHeader.h */,
			);
			sourceTree = "<group>";
		};
		27AF7DAC16FD7541005B67F8 /* conceptCode */ = {
			isa = PBXGroup;
			children = (
				27AF7DBC16FD75A8005B67F8 /* ideas.cpp */,
			);
			name = conceptCode;
			sourceTree = "<group>";
		};
		27AF7DAD16FD754F005B67F8 /* interfaces */ = {
			isa = PBXGroup;
			children = (
				27AF7DBB16FD7596005B67F8 /* SystemInterfaces.h */,
			);
			name = interfaces;
			sourceTree = "<group>";
		};
/* End PBXGroup section */

/* Begin PBXProject section */
		27AF7DA416FD747B005B67F8 /* Project object */ = {
			isa = PBXProject;
			attributes = {
				LastUpgradeCheck = 0450;
			};
			buildConfigurationList = 27AF7DA716FD747B005B67F8 /* Build configuration list for PBXProject "Centri-Library" */;
			compatibilityVersion = "Xcode 3.2";
			developmentRegion = English;
			hasScannedForEncodings = 0;
			knownRegions = (
				en,
			);
			mainGroup = 27AF7DA216FD747B005B67F8;
			projectDirPath = "";
			projectRoot = "";
			targets = (
			);
		};
/* End PBXProject section */

/* Begin XCBuildConfiguration section */
		27AF7DA916FD747B005B67F8 /* Debug */ = {
			isa = XCBuildConfiguration;
			buildSettings = {
			};
			name = Debug;
		};
		27AF7DAA16FD747B005B67F8 /* Release */ = {
			isa = XCBuildConfiguration;
			buildSettings = {
			};
			name = Release;
		};
/* End XCBuildConfiguration section */

/* Begin XCConfigurationList section */
		27AF7DA716FD747B005B67F8 /* Build configuration list for PBXProject "Centri-Library" */ = {
			isa = XCConfigurationList;
			buildConfigurations = (
				27AF7DA916FD747B005B67F8 /* Debug */,
				27AF7DAA16FD747B005B67F8 /* Release */,
			);
			defaultConfigurationIsVisible = 0;
			defaultConfigurationName = Release;
		};
/* End XCConfigurationList section */
	};
	rootObject = 27AF7DA416FD747B005B67F8 /* Project object */;
}
