// !$*UTF8*$!
{
	archiveVersion = 1;
	classes = {
	};
	objectVersion = 46;
	objects = {

/* Begin PBXGroup section */
		27AF7DA216FD747B005B67F8 = {
			isa = PBXGroup;
			children = (
			);
			sourceTree = "<group>";
		};
/* End PBXGroup section */

/* Begin PBXProject section */
		27AF7DA416FD747B005B67F8 /* Project object */ = {
			isa = PBXProject;
			attributes = {
				LastUpgradeCheck = 0450;
			};
			buildConfigurationList = 27AF7DA716FD747B005B67F8 /* Build configuration list for PBXProject "Centri-Library" */;
			compatibilityVersion = "Xcode 3.2";
			developmentRegion = English;
			hasScannedForEncodings = 0;
			knownRegions = (
				en,
			);
			mainGroup = 27AF7DA216FD747B005B67F8;
			projectDirPath = "";
			projectRoot = "";
			targets = (
			);
		};
/* End PBXProject section */

/* Begin XCBuildConfiguration section */
		27AF7DA916FD747B005B67F8 /* Debug */ = {
			isa = XCBuildConfiguration;
			buildSettings = {
			};
			name = Debug;
		};
		27AF7DAA16FD747B005B67F8 /* Release */ = {
			isa = XCBuildConfiguration;
			buildSettings = {
			};
			name = Release;
		};
/* End XCBuildConfiguration section */

/* Begin XCConfigurationList section */
		27AF7DA716FD747B005B67F8 /* Build configuration list for PBXProject "Centri-Library" */ = {
			isa = XCConfigurationList;
			buildConfigurations = (
				27AF7DA916FD747B005B67F8 /* Debug */,
				27AF7DAA16FD747B005B67F8 /* Release */,
			);
			defaultConfigurationIsVisible = 0;
			defaultConfigurationName = Release;
		};
/* End XCConfigurationList section */
	};
	rootObject = 27AF7DA416FD747B005B67F8 /* Project object */;
}
